// !$*UTF8*$!
{
	archiveVersion = 1;
	classes = {
	};
	objectVersion = 46;
	objects = {

/* Begin PBXBuildFile section */
		E4A8C1DB1AF2617800AA82A9 /* AppDelegate.swift in Sources */ = {isa = PBXBuildFile; fileRef = E4A8C1DA1AF2617800AA82A9 /* AppDelegate.swift */; };
		E4A8C1DE1AF2617800AA82A9 /* iGit.xcdatamodeld in Sources */ = {isa = PBXBuildFile; fileRef = E4A8C1DC1AF2617800AA82A9 /* iGit.xcdatamodeld */; };
		E4A8C1E31AF2617800AA82A9 /* Main.storyboard in Resources */ = {isa = PBXBuildFile; fileRef = E4A8C1E11AF2617800AA82A9 /* Main.storyboard */; };
		E4A8C1E51AF2617800AA82A9 /* Images.xcassets in Resources */ = {isa = PBXBuildFile; fileRef = E4A8C1E41AF2617800AA82A9 /* Images.xcassets */; };
		E4A8C1F41AF2617800AA82A9 /* iGitTests.swift in Sources */ = {isa = PBXBuildFile; fileRef = E4A8C1F31AF2617800AA82A9 /* iGitTests.swift */; };
		E4A8C2011AF262C600AA82A9 /* Login.swift in Sources */ = {isa = PBXBuildFile; fileRef = E4A8C2001AF262C600AA82A9 /* Login.swift */; };
		E4A8C2041AF2640000AA82A9 /* UserSearch.swift in Sources */ = {isa = PBXBuildFile; fileRef = E4A8C2031AF2640000AA82A9 /* UserSearch.swift */; };
		E4A8C23B1AF2796C00AA82A9 /* RepoSearch.swift in Sources */ = {isa = PBXBuildFile; fileRef = E4A8C23A1AF2796C00AA82A9 /* RepoSearch.swift */; };
		E4A8C23D1AF27C0200AA82A9 /* MackSearch.swift in Sources */ = {isa = PBXBuildFile; fileRef = E4A8C23C1AF27C0200AA82A9 /* MackSearch.swift */; };
		E4D2B6DA1AF2CA3F00107206 /* User.swift in Sources */ = {isa = PBXBuildFile; fileRef = E4D2B6D91AF2CA3F00107206 /* User.swift */; };
		E4D2B6DC1AF2CA3F00107206 /* Label.swift in Sources */ = {isa = PBXBuildFile; fileRef = E4D2B6DB1AF2CA3F00107206 /* Label.swift */; };
		E4D2B6DE1AF2CA3F00107206 /* Repo.swift in Sources */ = {isa = PBXBuildFile; fileRef = E4D2B6DD1AF2CA3F00107206 /* Repo.swift */; };
		E4D2B6E01AF3ACB500107206 /* PullSearch.swift in Sources */ = {isa = PBXBuildFile; fileRef = E4D2B6DF1AF3ACB500107206 /* PullSearch.swift */; };
		E4D2B6E21AF3BC1100107206 /* PullDetail.swift in Sources */ = {isa = PBXBuildFile; fileRef = E4D2B6E11AF3BC1100107206 /* PullDetail.swift */; };
		E4D2B6E71AF3C23A00107206 /* ReposMobile.swift in Sources */ = {isa = PBXBuildFile; fileRef = E4D2B6E61AF3C23A00107206 /* ReposMobile.swift */; };
		E4D2B6E91AF3CE1200107206 /* Isaac.storyboard in Resources */ = {isa = PBXBuildFile; fileRef = E4D2B6E81AF3CE1200107206 /* Isaac.storyboard */; };
		E4D2B6EB1AF4043300107206 /* RepoLabels.swift in Sources */ = {isa = PBXBuildFile; fileRef = E4D2B6EA1AF4043300107206 /* RepoLabels.swift */; };
		E4D2B6ED1AF40BEC00107206 /* Transfer.swift in Sources */ = {isa = PBXBuildFile; fileRef = E4D2B6EC1AF40BEC00107206 /* Transfer.swift */; };
/* End PBXBuildFile section */

/* Begin PBXContainerItemProxy section */
		E4A8C1EE1AF2617800AA82A9 /* PBXContainerItemProxy */ = {
			isa = PBXContainerItemProxy;
			containerPortal = E4A8C1CD1AF2617800AA82A9 /* Project object */;
			proxyType = 1;
			remoteGlobalIDString = E4A8C1D41AF2617800AA82A9;
			remoteInfo = iGit;
		};
/* End PBXContainerItemProxy section */

/* Begin PBXFileReference section */
		E4A8C1D51AF2617800AA82A9 /* iGit.app */ = {isa = PBXFileReference; explicitFileType = wrapper.application; includeInIndex = 0; path = iGit.app; sourceTree = BUILT_PRODUCTS_DIR; };
		E4A8C1D91AF2617800AA82A9 /* Info.plist */ = {isa = PBXFileReference; lastKnownFileType = text.plist.xml; path = Info.plist; sourceTree = "<group>"; };
		E4A8C1DA1AF2617800AA82A9 /* AppDelegate.swift */ = {isa = PBXFileReference; lastKnownFileType = sourcecode.swift; path = AppDelegate.swift; sourceTree = "<group>"; };
		E4A8C1DD1AF2617800AA82A9 /* iGit.xcdatamodel */ = {isa = PBXFileReference; lastKnownFileType = wrapper.xcdatamodel; path = iGit.xcdatamodel; sourceTree = "<group>"; };
		E4A8C1E21AF2617800AA82A9 /* Base */ = {isa = PBXFileReference; lastKnownFileType = file.storyboard; name = Base; path = Base.lproj/Main.storyboard; sourceTree = "<group>"; };
		E4A8C1E41AF2617800AA82A9 /* Images.xcassets */ = {isa = PBXFileReference; lastKnownFileType = folder.assetcatalog; path = Images.xcassets; sourceTree = "<group>"; };
		E4A8C1ED1AF2617800AA82A9 /* iGitTests.xctest */ = {isa = PBXFileReference; explicitFileType = wrapper.cfbundle; includeInIndex = 0; path = iGitTests.xctest; sourceTree = BUILT_PRODUCTS_DIR; };
		E4A8C1F21AF2617800AA82A9 /* Info.plist */ = {isa = PBXFileReference; lastKnownFileType = text.plist.xml; path = Info.plist; sourceTree = "<group>"; };
		E4A8C1F31AF2617800AA82A9 /* iGitTests.swift */ = {isa = PBXFileReference; lastKnownFileType = sourcecode.swift; path = iGitTests.swift; sourceTree = "<group>"; };
		E4A8C2001AF262C600AA82A9 /* Login.swift */ = {isa = PBXFileReference; fileEncoding = 4; lastKnownFileType = sourcecode.swift; path = Login.swift; sourceTree = "<group>"; };
		E4A8C2031AF2640000AA82A9 /* UserSearch.swift */ = {isa = PBXFileReference; fileEncoding = 4; lastKnownFileType = sourcecode.swift; path = UserSearch.swift; sourceTree = "<group>"; };
		E4A8C23A1AF2796C00AA82A9 /* RepoSearch.swift */ = {isa = PBXFileReference; fileEncoding = 4; lastKnownFileType = sourcecode.swift; path = RepoSearch.swift; sourceTree = "<group>"; };
		E4A8C23C1AF27C0200AA82A9 /* MackSearch.swift */ = {isa = PBXFileReference; fileEncoding = 4; lastKnownFileType = sourcecode.swift; path = MackSearch.swift; sourceTree = "<group>"; };
		E4D2B6D91AF2CA3F00107206 /* User.swift */ = {isa = PBXFileReference; fileEncoding = 4; lastKnownFileType = sourcecode.swift; path = User.swift; sourceTree = "<group>"; };
		E4D2B6DB1AF2CA3F00107206 /* Label.swift */ = {isa = PBXFileReference; fileEncoding = 4; lastKnownFileType = sourcecode.swift; path = Label.swift; sourceTree = "<group>"; };
		E4D2B6DD1AF2CA3F00107206 /* Repo.swift */ = {isa = PBXFileReference; fileEncoding = 4; lastKnownFileType = sourcecode.swift; path = Repo.swift; sourceTree = "<group>"; };
		E4D2B6DF1AF3ACB500107206 /* PullSearch.swift */ = {isa = PBXFileReference; fileEncoding = 4; lastKnownFileType = sourcecode.swift; path = PullSearch.swift; sourceTree = "<group>"; };
		E4D2B6E11AF3BC1100107206 /* PullDetail.swift */ = {isa = PBXFileReference; fileEncoding = 4; lastKnownFileType = sourcecode.swift; path = PullDetail.swift; sourceTree = "<group>"; };
		E4D2B6E61AF3C23A00107206 /* ReposMobile.swift */ = {isa = PBXFileReference; fileEncoding = 4; lastKnownFileType = sourcecode.swift; path = ReposMobile.swift; sourceTree = "<group>"; };
		E4D2B6E81AF3CE1200107206 /* Isaac.storyboard */ = {isa = PBXFileReference; fileEncoding = 4; lastKnownFileType = file.storyboard; path = Isaac.storyboard; sourceTree = "<group>"; };
		E4D2B6EA1AF4043300107206 /* RepoLabels.swift */ = {isa = PBXFileReference; fileEncoding = 4; lastKnownFileType = sourcecode.swift; path = RepoLabels.swift; sourceTree = "<group>"; };
		E4D2B6EC1AF40BEC00107206 /* Transfer.swift */ = {isa = PBXFileReference; fileEncoding = 4; lastKnownFileType = sourcecode.swift; path = Transfer.swift; sourceTree = "<group>"; };
/* End PBXFileReference section */

/* Begin PBXFrameworksBuildPhase section */
		E4A8C1D21AF2617800AA82A9 /* Frameworks */ = {
			isa = PBXFrameworksBuildPhase;
			buildActionMask = 2147483647;
			files = (
			);
			runOnlyForDeploymentPostprocessing = 0;
		};
		E4A8C1EA1AF2617800AA82A9 /* Frameworks */ = {
			isa = PBXFrameworksBuildPhase;
			buildActionMask = 2147483647;
			files = (
			);
			runOnlyForDeploymentPostprocessing = 0;
		};
/* End PBXFrameworksBuildPhase section */

/* Begin PBXGroup section */
		E4A8C1CC1AF2617800AA82A9 = {
			isa = PBXGroup;
			children = (
				E4A8C1D71AF2617800AA82A9 /* iGit */,
				E4A8C1F01AF2617800AA82A9 /* iGitTests */,
				E4A8C1D61AF2617800AA82A9 /* Products */,
			);
			sourceTree = "<group>";
		};
		E4A8C1D61AF2617800AA82A9 /* Products */ = {
			isa = PBXGroup;
			children = (
				E4A8C1D51AF2617800AA82A9 /* iGit.app */,
				E4A8C1ED1AF2617800AA82A9 /* iGitTests.xctest */,
			);
			name = Products;
			sourceTree = "<group>";
		};
		E4A8C1D71AF2617800AA82A9 /* iGit */ = {
			isa = PBXGroup;
			children = (
				E4D2B6E31AF3BF7100107206 /* ViewControllers */,
				E4A8C2021AF263DE00AA82A9 /* Connection */,
				E4A8C1FD1AF261C700AA82A9 /* Entidades */,
				E4A8C1DA1AF2617800AA82A9 /* AppDelegate.swift */,
				E4A8C1E11AF2617800AA82A9 /* Main.storyboard */,
				E4A8C1E41AF2617800AA82A9 /* Images.xcassets */,
				E4A8C1DC1AF2617800AA82A9 /* iGit.xcdatamodeld */,
				E4A8C1D81AF2617800AA82A9 /* Supporting Files */,
				E4D2B6E81AF3CE1200107206 /* Isaac.storyboard */,
				E4D2B6EC1AF40BEC00107206 /* Transfer.swift */,
			);
			path = iGit;
			sourceTree = "<group>";
		};
		E4A8C1D81AF2617800AA82A9 /* Supporting Files */ = {
			isa = PBXGroup;
			children = (
				E4A8C1D91AF2617800AA82A9 /* Info.plist */,
			);
			name = "Supporting Files";
			sourceTree = "<group>";
		};
		E4A8C1F01AF2617800AA82A9 /* iGitTests */ = {
			isa = PBXGroup;
			children = (
				E4A8C1F31AF2617800AA82A9 /* iGitTests.swift */,
				E4A8C1F11AF2617800AA82A9 /* Supporting Files */,
			);
			path = iGitTests;
			sourceTree = "<group>";
		};
		E4A8C1F11AF2617800AA82A9 /* Supporting Files */ = {
			isa = PBXGroup;
			children = (
				E4A8C1F21AF2617800AA82A9 /* Info.plist */,
			);
			name = "Supporting Files";
			sourceTree = "<group>";
		};
		E4A8C1FD1AF261C700AA82A9 /* Entidades */ = {
			isa = PBXGroup;
			children = (
				E4D2B6DD1AF2CA3F00107206 /* Repo.swift */,
				E4D2B6DB1AF2CA3F00107206 /* Label.swift */,
				E4D2B6D91AF2CA3F00107206 /* User.swift */,
			);
			name = Entidades;
			sourceTree = "<group>";
		};
		E4A8C2021AF263DE00AA82A9 /* Connection */ = {
			isa = PBXGroup;
			children = (
				E4A8C2031AF2640000AA82A9 /* UserSearch.swift */,
				E4A8C23A1AF2796C00AA82A9 /* RepoSearch.swift */,
				E4A8C23C1AF27C0200AA82A9 /* MackSearch.swift */,
				E4D2B6DF1AF3ACB500107206 /* PullSearch.swift */,
				E4D2B6E11AF3BC1100107206 /* PullDetail.swift */,
			);
			name = Connection;
			sourceTree = "<group>";
		};
		E4D2B6E31AF3BF7100107206 /* ViewControllers */ = {
			isa = PBXGroup;
			children = (
				E4A8C2001AF262C600AA82A9 /* Login.swift */,
				E4D2B6E61AF3C23A00107206 /* ReposMobile.swift */,
				E4D2B6EA1AF4043300107206 /* RepoLabels.swift */,
			);
			name = ViewControllers;
			sourceTree = "<group>";
		};
/* End PBXGroup section */

/* Begin PBXNativeTarget section */
		E4A8C1D41AF2617800AA82A9 /* iGit */ = {
			isa = PBXNativeTarget;
			buildConfigurationList = E4A8C1F71AF2617800AA82A9 /* Build configuration list for PBXNativeTarget "iGit" */;
			buildPhases = (
				E4A8C1D11AF2617800AA82A9 /* Sources */,
				E4A8C1D21AF2617800AA82A9 /* Frameworks */,
				E4A8C1D31AF2617800AA82A9 /* Resources */,
			);
			buildRules = (
			);
			dependencies = (
			);
			name = iGit;
			productName = iGit;
			productReference = E4A8C1D51AF2617800AA82A9 /* iGit.app */;
			productType = "com.apple.product-type.application";
		};
		E4A8C1EC1AF2617800AA82A9 /* iGitTests */ = {
			isa = PBXNativeTarget;
			buildConfigurationList = E4A8C1FA1AF2617800AA82A9 /* Build configuration list for PBXNativeTarget "iGitTests" */;
			buildPhases = (
				E4A8C1E91AF2617800AA82A9 /* Sources */,
				E4A8C1EA1AF2617800AA82A9 /* Frameworks */,
				E4A8C1EB1AF2617800AA82A9 /* Resources */,
			);
			buildRules = (
			);
			dependencies = (
				E4A8C1EF1AF2617800AA82A9 /* PBXTargetDependency */,
			);
			name = iGitTests;
			productName = iGitTests;
			productReference = E4A8C1ED1AF2617800AA82A9 /* iGitTests.xctest */;
			productType = "com.apple.product-type.bundle.unit-test";
		};
/* End PBXNativeTarget section */

/* Begin PBXProject section */
		E4A8C1CD1AF2617800AA82A9 /* Project object */ = {
			isa = PBXProject;
			attributes = {
				LastUpgradeCheck = 0630;
				ORGANIZATIONNAME = "Isaías Lima";
				TargetAttributes = {
					E4A8C1D41AF2617800AA82A9 = {
						CreatedOnToolsVersion = 6.3.1;
					};
					E4A8C1EC1AF2617800AA82A9 = {
						CreatedOnToolsVersion = 6.3.1;
						TestTargetID = E4A8C1D41AF2617800AA82A9;
					};
				};
			};
			buildConfigurationList = E4A8C1D01AF2617800AA82A9 /* Build configuration list for PBXProject "iGit" */;
			compatibilityVersion = "Xcode 3.2";
			developmentRegion = English;
			hasScannedForEncodings = 0;
			knownRegions = (
				en,
				Base,
			);
			mainGroup = E4A8C1CC1AF2617800AA82A9;
			productRefGroup = E4A8C1D61AF2617800AA82A9 /* Products */;
			projectDirPath = "";
			projectRoot = "";
			targets = (
				E4A8C1D41AF2617800AA82A9 /* iGit */,
				E4A8C1EC1AF2617800AA82A9 /* iGitTests */,
			);
		};
/* End PBXProject section */

/* Begin PBXResourcesBuildPhase section */
		E4A8C1D31AF2617800AA82A9 /* Resources */ = {
			isa = PBXResourcesBuildPhase;
			buildActionMask = 2147483647;
			files = (
				E4A8C1E31AF2617800AA82A9 /* Main.storyboard in Resources */,
				E4A8C1E51AF2617800AA82A9 /* Images.xcassets in Resources */,
				E4D2B6E91AF3CE1200107206 /* Isaac.storyboard in Resources */,
			);
			runOnlyForDeploymentPostprocessing = 0;
		};
		E4A8C1EB1AF2617800AA82A9 /* Resources */ = {
			isa = PBXResourcesBuildPhase;
			buildActionMask = 2147483647;
			files = (
			);
			runOnlyForDeploymentPostprocessing = 0;
		};
/* End PBXResourcesBuildPhase section */

/* Begin PBXSourcesBuildPhase section */
		E4A8C1D11AF2617800AA82A9 /* Sources */ = {
			isa = PBXSourcesBuildPhase;
			buildActionMask = 2147483647;
			files = (
				E4A8C1DE1AF2617800AA82A9 /* iGit.xcdatamodeld in Sources */,
				E4A8C2041AF2640000AA82A9 /* UserSearch.swift in Sources */,
				E4A8C23D1AF27C0200AA82A9 /* MackSearch.swift in Sources */,
				E4D2B6E21AF3BC1100107206 /* PullDetail.swift in Sources */,
				E4D2B6DE1AF2CA3F00107206 /* Repo.swift in Sources */,
				E4A8C1DB1AF2617800AA82A9 /* AppDelegate.swift in Sources */,
				E4A8C23B1AF2796C00AA82A9 /* RepoSearch.swift in Sources */,
				E4D2B6E01AF3ACB500107206 /* PullSearch.swift in Sources */,
				E4D2B6ED1AF40BEC00107206 /* Transfer.swift in Sources */,
				E4A8C2011AF262C600AA82A9 /* Login.swift in Sources */,
				E4D2B6E71AF3C23A00107206 /* ReposMobile.swift in Sources */,
				E4D2B6DC1AF2CA3F00107206 /* Label.swift in Sources */,
				E4D2B6EB1AF4043300107206 /* RepoLabels.swift in Sources */,
				E4D2B6DA1AF2CA3F00107206 /* User.swift in Sources */,
			);
			runOnlyForDeploymentPostprocessing = 0;
		};
		E4A8C1E91AF2617800AA82A9 /* Sources */ = {
			isa = PBXSourcesBuildPhase;
			buildActionMask = 2147483647;
			files = (
				E4A8C1F41AF2617800AA82A9 /* iGitTests.swift in Sources */,
			);
			runOnlyForDeploymentPostprocessing = 0;
		};
/* End PBXSourcesBuildPhase section */

/* Begin PBXTargetDependency section */
		E4A8C1EF1AF2617800AA82A9 /* PBXTargetDependency */ = {
			isa = PBXTargetDependency;
			target = E4A8C1D41AF2617800AA82A9 /* iGit */;
			targetProxy = E4A8C1EE1AF2617800AA82A9 /* PBXContainerItemProxy */;
		};
/* End PBXTargetDependency section */

/* Begin PBXVariantGroup section */
		E4A8C1E11AF2617800AA82A9 /* Main.storyboard */ = {
			isa = PBXVariantGroup;
			children = (
				E4A8C1E21AF2617800AA82A9 /* Base */,
			);
			name = Main.storyboard;
			sourceTree = "<group>";
		};
/* End PBXVariantGroup section */

/* Begin XCBuildConfiguration section */
		E4A8C1F51AF2617800AA82A9 /* Debug */ = {
			isa = XCBuildConfiguration;
			buildSettings = {
				ALWAYS_SEARCH_USER_PATHS = NO;
				CLANG_CXX_LANGUAGE_STANDARD = "gnu++0x";
				CLANG_CXX_LIBRARY = "libc++";
				CLANG_ENABLE_MODULES = YES;
				CLANG_ENABLE_OBJC_ARC = YES;
				CLANG_WARN_BOOL_CONVERSION = YES;
				CLANG_WARN_CONSTANT_CONVERSION = YES;
				CLANG_WARN_DIRECT_OBJC_ISA_USAGE = YES_ERROR;
				CLANG_WARN_EMPTY_BODY = YES;
				CLANG_WARN_ENUM_CONVERSION = YES;
				CLANG_WARN_INT_CONVERSION = YES;
				CLANG_WARN_OBJC_ROOT_CLASS = YES_ERROR;
				CLANG_WARN_UNREACHABLE_CODE = YES;
				CLANG_WARN__DUPLICATE_METHOD_MATCH = YES;
				"CODE_SIGN_IDENTITY[sdk=iphoneos*]" = "iPhone Developer";
				COPY_PHASE_STRIP = NO;
				DEBUG_INFORMATION_FORMAT = "dwarf-with-dsym";
				ENABLE_STRICT_OBJC_MSGSEND = YES;
				GCC_C_LANGUAGE_STANDARD = gnu99;
				GCC_DYNAMIC_NO_PIC = NO;
				GCC_NO_COMMON_BLOCKS = YES;
				GCC_OPTIMIZATION_LEVEL = 0;
				GCC_PREPROCESSOR_DEFINITIONS = (
					"DEBUG=1",
					"$(inherited)",
				);
				GCC_SYMBOLS_PRIVATE_EXTERN = NO;
				GCC_WARN_64_TO_32_BIT_CONVERSION = YES;
				GCC_WARN_ABOUT_RETURN_TYPE = YES_ERROR;
				GCC_WARN_UNDECLARED_SELECTOR = YES;
				GCC_WARN_UNINITIALIZED_AUTOS = YES_AGGRESSIVE;
				GCC_WARN_UNUSED_FUNCTION = YES;
				GCC_WARN_UNUSED_VARIABLE = YES;
				IPHONEOS_DEPLOYMENT_TARGET = 8.3;
				MTL_ENABLE_DEBUG_INFO = YES;
				ONLY_ACTIVE_ARCH = YES;
				SDKROOT = iphoneos;
				SWIFT_OPTIMIZATION_LEVEL = "-Onone";
			};
			name = Debug;
		};
		E4A8C1F61AF2617800AA82A9 /* Release */ = {
			isa = XCBuildConfiguration;
			buildSettings = {
				ALWAYS_SEARCH_USER_PATHS = NO;
				CLANG_CXX_LANGUAGE_STANDARD = "gnu++0x";
				CLANG_CXX_LIBRARY = "libc++";
				CLANG_ENABLE_MODULES = YES;
				CLANG_ENABLE_OBJC_ARC = YES;
				CLANG_WARN_BOOL_CONVERSION = YES;
				CLANG_WARN_CONSTANT_CONVERSION = YES;
				CLANG_WARN_DIRECT_OBJC_ISA_USAGE = YES_ERROR;
				CLANG_WARN_EMPTY_BODY = YES;
				CLANG_WARN_ENUM_CONVERSION = YES;
				CLANG_WARN_INT_CONVERSION = YES;
				CLANG_WARN_OBJC_ROOT_CLASS = YES_ERROR;
				CLANG_WARN_UNREACHABLE_CODE = YES;
				CLANG_WARN__DUPLICATE_METHOD_MATCH = YES;
				"CODE_SIGN_IDENTITY[sdk=iphoneos*]" = "iPhone Developer";
				COPY_PHASE_STRIP = NO;
				DEBUG_INFORMATION_FORMAT = "dwarf-with-dsym";
				ENABLE_NS_ASSERTIONS = NO;
				ENABLE_STRICT_OBJC_MSGSEND = YES;
				GCC_C_LANGUAGE_STANDARD = gnu99;
				GCC_NO_COMMON_BLOCKS = YES;
				GCC_WARN_64_TO_32_BIT_CONVERSION = YES;
				GCC_WARN_ABOUT_RETURN_TYPE = YES_ERROR;
				GCC_WARN_UNDECLARED_SELECTOR = YES;
				GCC_WARN_UNINITIALIZED_AUTOS = YES_AGGRESSIVE;
				GCC_WARN_UNUSED_FUNCTION = YES;
				GCC_WARN_UNUSED_VARIABLE = YES;
				IPHONEOS_DEPLOYMENT_TARGET = 8.3;
				MTL_ENABLE_DEBUG_INFO = NO;
				SDKROOT = iphoneos;
				VALIDATE_PRODUCT = YES;
			};
			name = Release;
		};
		E4A8C1F81AF2617800AA82A9 /* Debug */ = {
			isa = XCBuildConfiguration;
			buildSettings = {
				ASSETCATALOG_COMPILER_APPICON_NAME = AppIcon;
				INFOPLIST_FILE = iGit/Info.plist;
				LD_RUNPATH_SEARCH_PATHS = "$(inherited) @executable_path/Frameworks";
				PRODUCT_NAME = "$(TARGET_NAME)";
			};
			name = Debug;
		};
		E4A8C1F91AF2617800AA82A9 /* Release */ = {
			isa = XCBuildConfiguration;
			buildSettings = {
				ASSETCATALOG_COMPILER_APPICON_NAME = AppIcon;
				INFOPLIST_FILE = iGit/Info.plist;
				LD_RUNPATH_SEARCH_PATHS = "$(inherited) @executable_path/Frameworks";
				PRODUCT_NAME = "$(TARGET_NAME)";
			};
			name = Release;
		};
		E4A8C1FB1AF2617800AA82A9 /* Debug */ = {
			isa = XCBuildConfiguration;
			buildSettings = {
				BUNDLE_LOADER = "$(TEST_HOST)";
				FRAMEWORK_SEARCH_PATHS = (
					"$(SDKROOT)/Developer/Library/Frameworks",
					"$(inherited)",
				);
				GCC_PREPROCESSOR_DEFINITIONS = (
					"DEBUG=1",
					"$(inherited)",
				);
				INFOPLIST_FILE = iGitTests/Info.plist;
				LD_RUNPATH_SEARCH_PATHS = "$(inherited) @executable_path/Frameworks @loader_path/Frameworks";
				PRODUCT_NAME = "$(TARGET_NAME)";
				TEST_HOST = "$(BUILT_PRODUCTS_DIR)/iGit.app/iGit";
			};
			name = Debug;
		};
		E4A8C1FC1AF2617800AA82A9 /* Release */ = {
			isa = XCBuildConfiguration;
			buildSettings = {
				BUNDLE_LOADER = "$(TEST_HOST)";
				FRAMEWORK_SEARCH_PATHS = (
					"$(SDKROOT)/Developer/Library/Frameworks",
					"$(inherited)",
				);
				INFOPLIST_FILE = iGitTests/Info.plist;
				LD_RUNPATH_SEARCH_PATHS = "$(inherited) @executable_path/Frameworks @loader_path/Frameworks";
				PRODUCT_NAME = "$(TARGET_NAME)";
				TEST_HOST = "$(BUILT_PRODUCTS_DIR)/iGit.app/iGit";
			};
			name = Release;
		};
/* End XCBuildConfiguration section */

/* Begin XCConfigurationList section */
		E4A8C1D01AF2617800AA82A9 /* Build configuration list for PBXProject "iGit" */ = {
			isa = XCConfigurationList;
			buildConfigurations = (
				E4A8C1F51AF2617800AA82A9 /* Debug */,
				E4A8C1F61AF2617800AA82A9 /* Release */,
			);
			defaultConfigurationIsVisible = 0;
			defaultConfigurationName = Release;
		};
		E4A8C1F71AF2617800AA82A9 /* Build configuration list for PBXNativeTarget "iGit" */ = {
			isa = XCConfigurationList;
			buildConfigurations = (
				E4A8C1F81AF2617800AA82A9 /* Debug */,
				E4A8C1F91AF2617800AA82A9 /* Release */,
			);
			defaultConfigurationIsVisible = 0;
			defaultConfigurationName = Release;
		};
		E4A8C1FA1AF2617800AA82A9 /* Build configuration list for PBXNativeTarget "iGitTests" */ = {
			isa = XCConfigurationList;
			buildConfigurations = (
				E4A8C1FB1AF2617800AA82A9 /* Debug */,
				E4A8C1FC1AF2617800AA82A9 /* Release */,
			);
			defaultConfigurationIsVisible = 0;
			defaultConfigurationName = Release;
		};
/* End XCConfigurationList section */

/* Begin XCVersionGroup section */
		E4A8C1DC1AF2617800AA82A9 /* iGit.xcdatamodeld */ = {
			isa = XCVersionGroup;
			children = (
				E4A8C1DD1AF2617800AA82A9 /* iGit.xcdatamodel */,
			);
			currentVersion = E4A8C1DD1AF2617800AA82A9 /* iGit.xcdatamodel */;
			path = iGit.xcdatamodeld;
			sourceTree = "<group>";
			versionGroupType = wrapper.xcdatamodel;
		};
/* End XCVersionGroup section */
	};
	rootObject = E4A8C1CD1AF2617800AA82A9 /* Project object */;
}
